
Microsoft Visual Studio Solution File, Format Version 12.00
Project("{FAE04EC0-301F-11D3-BF4B-00C04F79EFBC}") = "Calculator", "Calculator\Calculator.csproj", "{1F62528E-8B68-4E60-BE02-529A2128CFF3}"
EndProject
Global
	GlobalSection(SolutionConfigurationPlatforms) = preSolution
		Debug|Any CPU = Debug|Any CPU
		Release|Any CPU = Release|Any CPU
	EndGlobalSection
	GlobalSection(ProjectConfigurationPlatforms) = postSolution
		{1F62528E-8B68-4E60-BE02-529A2128CFF3}.Debug|Any CPU.ActiveCfg = Debug|Any CPU
		{1F62528E-8B68-4E60-BE02-529A2128CFF3}.Debug|Any CPU.Build.0 = Debug|Any CPU
		{1F62528E-8B68-4E60-BE02-529A2128CFF3}.Release|Any CPU.ActiveCfg = Release|Any CPU
		{1F62528E-8B68-4E60-BE02-529A2128CFF3}.Release|Any CPU.Build.0 = Release|Any CPU
	EndGlobalSection
EndGlobal
